// !$*UTF8*$!
{
	archiveVersion = 1;
	classes = {
	};
	objectVersion = 50;
	objects = {

/* Begin PBXBuildFile section */
		F57017F9240913890033A450 /* AppDelegate.swift in Sources */ = {isa = PBXBuildFile; fileRef = F57017F8240913890033A450 /* AppDelegate.swift */; };
		F57017FB240913890033A450 /* SceneDelegate.swift in Sources */ = {isa = PBXBuildFile; fileRef = F57017FA240913890033A450 /* SceneDelegate.swift */; };
		F57017FD240913890033A450 /* SignUpVC.swift in Sources */ = {isa = PBXBuildFile; fileRef = F57017FC240913890033A450 /* SignUpVC.swift */; };
		F5701800240913890033A450 /* Main.storyboard in Resources */ = {isa = PBXBuildFile; fileRef = F57017FE240913890033A450 /* Main.storyboard */; };
		F57018022409138B0033A450 /* Assets.xcassets in Resources */ = {isa = PBXBuildFile; fileRef = F57018012409138B0033A450 /* Assets.xcassets */; };
		F57018052409138B0033A450 /* LaunchScreen.storyboard in Resources */ = {isa = PBXBuildFile; fileRef = F57018032409138B0033A450 /* LaunchScreen.storyboard */; };
		F570180D24091E950033A450 /* taskListViewController.swift in Sources */ = {isa = PBXBuildFile; fileRef = F570180C24091E950033A450 /* taskListViewController.swift */; };
		F570180F24091EB50033A450 /* addTaskViewController.swift in Sources */ = {isa = PBXBuildFile; fileRef = F570180E24091EB50033A450 /* addTaskViewController.swift */; };
		F59A1137269DAC3200030FB1 /* LocalAuthentication.framework in Frameworks */ = {isa = PBXBuildFile; fileRef = F59A1136269DAC3200030FB1 /* LocalAuthentication.framework */; };
		F59A1139269DAC3F00030FB1 /* SafariServices.framework in Frameworks */ = {isa = PBXBuildFile; fileRef = F59A1138269DAC3F00030FB1 /* SafariServices.framework */; };
		F59A113B269DAC4C00030FB1 /* AuthenticationServices.framework in Frameworks */ = {isa = PBXBuildFile; fileRef = F59A113A269DAC4C00030FB1 /* AuthenticationServices.framework */; };
		F59A113D269DAC5B00030FB1 /* SystemConfiguration.framework in Frameworks */ = {isa = PBXBuildFile; fileRef = F59A113C269DAC5B00030FB1 /* SystemConfiguration.framework */; };
/* End PBXBuildFile section */

/* Begin PBXFileReference section */
		F57017F5240913890033A450 /* toDoListSwift.app */ = {isa = PBXFileReference; explicitFileType = wrapper.application; includeInIndex = 0; path = toDoListSwift.app; sourceTree = BUILT_PRODUCTS_DIR; };
		F57017F8240913890033A450 /* AppDelegate.swift */ = {isa = PBXFileReference; lastKnownFileType = sourcecode.swift; path = AppDelegate.swift; sourceTree = "<group>"; };
		F57017FA240913890033A450 /* SceneDelegate.swift */ = {isa = PBXFileReference; lastKnownFileType = sourcecode.swift; path = SceneDelegate.swift; sourceTree = "<group>"; };
		F57017FC240913890033A450 /* SignUpVC.swift */ = {isa = PBXFileReference; lastKnownFileType = sourcecode.swift; path = SignUpVC.swift; sourceTree = "<group>"; };
		F57017FF240913890033A450 /* Base */ = {isa = PBXFileReference; lastKnownFileType = file.storyboard; name = Base; path = Base.lproj/Main.storyboard; sourceTree = "<group>"; };
		F57018012409138B0033A450 /* Assets.xcassets */ = {isa = PBXFileReference; lastKnownFileType = folder.assetcatalog; path = Assets.xcassets; sourceTree = "<group>"; };
		F57018042409138B0033A450 /* Base */ = {isa = PBXFileReference; lastKnownFileType = file.storyboard; name = Base; path = Base.lproj/LaunchScreen.storyboard; sourceTree = "<group>"; };
		F57018062409138B0033A450 /* Info.plist */ = {isa = PBXFileReference; lastKnownFileType = text.plist.xml; path = Info.plist; sourceTree = "<group>"; };
		F570180C24091E950033A450 /* taskListViewController.swift */ = {isa = PBXFileReference; lastKnownFileType = sourcecode.swift; path = taskListViewController.swift; sourceTree = "<group>"; };
		F570180E24091EB50033A450 /* addTaskViewController.swift */ = {isa = PBXFileReference; lastKnownFileType = sourcecode.swift; path = addTaskViewController.swift; sourceTree = "<group>"; usesTabs = 0; };
		F59A1136269DAC3200030FB1 /* LocalAuthentication.framework */ = {isa = PBXFileReference; lastKnownFileType = wrapper.framework; name = LocalAuthentication.framework; path = System/Library/Frameworks/LocalAuthentication.framework; sourceTree = SDKROOT; };
		F59A1138269DAC3F00030FB1 /* SafariServices.framework */ = {isa = PBXFileReference; lastKnownFileType = wrapper.framework; name = SafariServices.framework; path = System/Library/Frameworks/SafariServices.framework; sourceTree = SDKROOT; };
		F59A113A269DAC4C00030FB1 /* AuthenticationServices.framework */ = {isa = PBXFileReference; lastKnownFileType = wrapper.framework; name = AuthenticationServices.framework; path = System/Library/Frameworks/AuthenticationServices.framework; sourceTree = SDKROOT; };
		F59A113C269DAC5B00030FB1 /* SystemConfiguration.framework */ = {isa = PBXFileReference; lastKnownFileType = wrapper.framework; name = SystemConfiguration.framework; path = System/Library/Frameworks/SystemConfiguration.framework; sourceTree = SDKROOT; };
/* End PBXFileReference section */

/* Begin PBXFrameworksBuildPhase section */
		F57017F2240913890033A450 /* Frameworks */ = {
			isa = PBXFrameworksBuildPhase;
			buildActionMask = 2147483647;
			files = (
				F59A113D269DAC5B00030FB1 /* SystemConfiguration.framework in Frameworks */,
				F59A113B269DAC4C00030FB1 /* AuthenticationServices.framework in Frameworks */,
				F59A1139269DAC3F00030FB1 /* SafariServices.framework in Frameworks */,
				F59A1137269DAC3200030FB1 /* LocalAuthentication.framework in Frameworks */,
			);
			runOnlyForDeploymentPostprocessing = 0;
		};
/* End PBXFrameworksBuildPhase section */

/* Begin PBXGroup section */
		F57017EC240913890033A450 = {
			isa = PBXGroup;
			children = (
				F57017F7240913890033A450 /* toDoListSwift */,
				F57017F6240913890033A450 /* Products */,
				F59A1135269DAC3200030FB1 /* Frameworks */,
			);
			sourceTree = "<group>";
		};
		F57017F6240913890033A450 /* Products */ = {
			isa = PBXGroup;
			children = (
				F57017F5240913890033A450 /* toDoListSwift.app */,
			);
			name = Products;
			sourceTree = "<group>";
		};
		F57017F7240913890033A450 /* toDoListSwift */ = {
			isa = PBXGroup;
			children = (
				F57017F8240913890033A450 /* AppDelegate.swift */,
				F57017FA240913890033A450 /* SceneDelegate.swift */,
				F57017FC240913890033A450 /* SignUpVC.swift */,
				F57017FE240913890033A450 /* Main.storyboard */,
				F57018012409138B0033A450 /* Assets.xcassets */,
				F57018032409138B0033A450 /* LaunchScreen.storyboard */,
				F57018062409138B0033A450 /* Info.plist */,
				F570180C24091E950033A450 /* taskListViewController.swift */,
				F570180E24091EB50033A450 /* addTaskViewController.swift */,
			);
			path = toDoListSwift;
			sourceTree = "<group>";
		};
		F59A1135269DAC3200030FB1 /* Frameworks */ = {
			isa = PBXGroup;
			children = (
				F59A113C269DAC5B00030FB1 /* SystemConfiguration.framework */,
				F59A113A269DAC4C00030FB1 /* AuthenticationServices.framework */,
				F59A1138269DAC3F00030FB1 /* SafariServices.framework */,
				F59A1136269DAC3200030FB1 /* LocalAuthentication.framework */,
			);
			name = Frameworks;
			sourceTree = "<group>";
		};
/* End PBXGroup section */

/* Begin PBXNativeTarget section */
		F57017F4240913890033A450 /* toDoListSwift */ = {
			isa = PBXNativeTarget;
			buildConfigurationList = F57018092409138B0033A450 /* Build configuration list for PBXNativeTarget "toDoListSwift" */;
			buildPhases = (
				F57017F1240913890033A450 /* Sources */,
				F57017F2240913890033A450 /* Frameworks */,
				F57017F3240913890033A450 /* Resources */,
			);
			buildRules = (
			);
			dependencies = (
			);
			name = toDoListSwift;
			productName = toDoListSwift;
			productReference = F57017F5240913890033A450 /* toDoListSwift.app */;
			productType = "com.apple.product-type.application";
		};
/* End PBXNativeTarget section */

/* Begin PBXProject section */
		F57017ED240913890033A450 /* Project object */ = {
			isa = PBXProject;
			attributes = {
				LastSwiftUpdateCheck = 1130;
				LastUpgradeCheck = 1240;
				ORGANIZATIONNAME = "Ram Kumar";
				TargetAttributes = {
					F57017F4240913890033A450 = {
						CreatedOnToolsVersion = 11.3;
					};
				};
			};
			buildConfigurationList = F57017F0240913890033A450 /* Build configuration list for PBXProject "toDoListSwift" */;
			compatibilityVersion = "Xcode 9.3";
			developmentRegion = en;
			hasScannedForEncodings = 0;
			knownRegions = (
				en,
				Base,
			);
			mainGroup = F57017EC240913890033A450;
			productRefGroup = F57017F6240913890033A450 /* Products */;
			projectDirPath = "";
			projectRoot = "";
			targets = (
				F57017F4240913890033A450 /* toDoListSwift */,
			);
		};
/* End PBXProject section */

/* Begin PBXResourcesBuildPhase section */
		F57017F3240913890033A450 /* Resources */ = {
			isa = PBXResourcesBuildPhase;
			buildActionMask = 2147483647;
			files = (
				F57018052409138B0033A450 /* LaunchScreen.storyboard in Resources */,
				F57018022409138B0033A450 /* Assets.xcassets in Resources */,
				F5701800240913890033A450 /* Main.storyboard in Resources */,
			);
			runOnlyForDeploymentPostprocessing = 0;
		};
/* End PBXResourcesBuildPhase section */

/* Begin PBXSourcesBuildPhase section */
		F57017F1240913890033A450 /* Sources */ = {
			isa = PBXSourcesBuildPhase;
			buildActionMask = 2147483647;
			files = (
				F570180F24091EB50033A450 /* addTaskViewController.swift in Sources */,
				F57017FD240913890033A450 /* SignUpVC.swift in Sources */,
				F570180D24091E950033A450 /* taskListViewController.swift in Sources */,
				F57017F9240913890033A450 /* AppDelegate.swift in Sources */,
				F57017FB240913890033A450 /* SceneDelegate.swift in Sources */,
			);
			runOnlyForDeploymentPostprocessing = 0;
		};
/* End PBXSourcesBuildPhase section */

/* Begin PBXVariantGroup section */
		F57017FE240913890033A450 /* Main.storyboard */ = {
			isa = PBXVariantGroup;
			children = (
				F57017FF240913890033A450 /* Base */,
			);
			name = Main.storyboard;
			sourceTree = "<group>";
		};
		F57018032409138B0033A450 /* LaunchScreen.storyboard */ = {
			isa = PBXVariantGroup;
			children = (
				F57018042409138B0033A450 /* Base */,
			);
			name = LaunchScreen.storyboard;
			sourceTree = "<group>";
		};
/* End PBXVariantGroup section */

/* Begin XCBuildConfiguration section */
		F57018072409138B0033A450 /* Debug */ = {
			isa = XCBuildConfiguration;
			buildSettings = {
				ALWAYS_SEARCH_USER_PATHS = NO;
				CLANG_ANALYZER_NONNULL = YES;
				CLANG_ANALYZER_NUMBER_OBJECT_CONVERSION = YES_AGGRESSIVE;
				CLANG_CXX_LANGUAGE_STANDARD = "gnu++14";
				CLANG_CXX_LIBRARY = "libc++";
				CLANG_ENABLE_MODULES = YES;
				CLANG_ENABLE_OBJC_ARC = YES;
				CLANG_ENABLE_OBJC_WEAK = YES;
				CLANG_WARN_BLOCK_CAPTURE_AUTORELEASING = YES;
				CLANG_WARN_BOOL_CONVERSION = YES;
				CLANG_WARN_COMMA = YES;
				CLANG_WARN_CONSTANT_CONVERSION = YES;
				CLANG_WARN_DEPRECATED_OBJC_IMPLEMENTATIONS = YES;
				CLANG_WARN_DIRECT_OBJC_ISA_USAGE = YES_ERROR;
				CLANG_WARN_DOCUMENTATION_COMMENTS = YES;
				CLANG_WARN_EMPTY_BODY = YES;
				CLANG_WARN_ENUM_CONVERSION = YES;
				CLANG_WARN_INFINITE_RECURSION = YES;
				CLANG_WARN_INT_CONVERSION = YES;
				CLANG_WARN_NON_LITERAL_NULL_CONVERSION = YES;
				CLANG_WARN_OBJC_IMPLICIT_RETAIN_SELF = YES;
				CLANG_WARN_OBJC_LITERAL_CONVERSION = YES;
				CLANG_WARN_OBJC_ROOT_CLASS = YES_ERROR;
				CLANG_WARN_QUOTED_INCLUDE_IN_FRAMEWORK_HEADER = YES;
				CLANG_WARN_RANGE_LOOP_ANALYSIS = YES;
				CLANG_WARN_STRICT_PROTOTYPES = YES;
				CLANG_WARN_SUSPICIOUS_MOVE = YES;
				CLANG_WARN_UNGUARDED_AVAILABILITY = YES_AGGRESSIVE;
				CLANG_WARN_UNREACHABLE_CODE = YES;
				CLANG_WARN__DUPLICATE_METHOD_MATCH = YES;
				COPY_PHASE_STRIP = NO;
				DEBUG_INFORMATION_FORMAT = dwarf;
				ENABLE_STRICT_OBJC_MSGSEND = YES;
				ENABLE_TESTABILITY = YES;
				GCC_C_LANGUAGE_STANDARD = gnu11;
				GCC_DYNAMIC_NO_PIC = NO;
				GCC_NO_COMMON_BLOCKS = YES;
				GCC_OPTIMIZATION_LEVEL = 0;
				GCC_PREPROCESSOR_DEFINITIONS = (
					"DEBUG=1",
					"$(inherited)",
				);
				GCC_WARN_64_TO_32_BIT_CONVERSION = YES;
				GCC_WARN_ABOUT_RETURN_TYPE = YES_ERROR;
				GCC_WARN_UNDECLARED_SELECTOR = YES;
				GCC_WARN_UNINITIALIZED_AUTOS = YES_AGGRESSIVE;
				GCC_WARN_UNUSED_FUNCTION = YES;
				GCC_WARN_UNUSED_VARIABLE = YES;
				IPHONEOS_DEPLOYMENT_TARGET = 13.2;
				MTL_ENABLE_DEBUG_INFO = INCLUDE_SOURCE;
				MTL_FAST_MATH = YES;
				ONLY_ACTIVE_ARCH = YES;
				SDKROOT = iphoneos;
				SWIFT_ACTIVE_COMPILATION_CONDITIONS = DEBUG;
				SWIFT_OPTIMIZATION_LEVEL = "-Onone";
			};
			name = Debug;
		};
		F57018082409138B0033A450 /* Release */ = {
			isa = XCBuildConfiguration;
			buildSettings = {
				ALWAYS_SEARCH_USER_PATHS = NO;
				CLANG_ANALYZER_NONNULL = YES;
				CLANG_ANALYZER_NUMBER_OBJECT_CONVERSION = YES_AGGRESSIVE;
				CLANG_CXX_LANGUAGE_STANDARD = "gnu++14";
				CLANG_CXX_LIBRARY = "libc++";
				CLANG_ENABLE_MODULES = YES;
				CLANG_ENABLE_OBJC_ARC = YES;
				CLANG_ENABLE_OBJC_WEAK = YES;
				CLANG_WARN_BLOCK_CAPTURE_AUTORELEASING = YES;
				CLANG_WARN_BOOL_CONVERSION = YES;
				CLANG_WARN_COMMA = YES;
				CLANG_WARN_CONSTANT_CONVERSION = YES;
				CLANG_WARN_DEPRECATED_OBJC_IMPLEMENTATIONS = YES;
				CLANG_WARN_DIRECT_OBJC_ISA_USAGE = YES_ERROR;
				CLANG_WARN_DOCUMENTATION_COMMENTS = YES;
				CLANG_WARN_EMPTY_BODY = YES;
				CLANG_WARN_ENUM_CONVERSION = YES;
				CLANG_WARN_INFINITE_RECURSION = YES;
				CLANG_WARN_INT_CONVERSION = YES;
				CLANG_WARN_NON_LITERAL_NULL_CONVERSION = YES;
				CLANG_WARN_OBJC_IMPLICIT_RETAIN_SELF = YES;
				CLANG_WARN_OBJC_LITERAL_CONVERSION = YES;
				CLANG_WARN_OBJC_ROOT_CLASS = YES_ERROR;
				CLANG_WARN_QUOTED_INCLUDE_IN_FRAMEWORK_HEADER = YES;
				CLANG_WARN_RANGE_LOOP_ANALYSIS = YES;
				CLANG_WARN_STRICT_PROTOTYPES = YES;
				CLANG_WARN_SUSPICIOUS_MOVE = YES;
				CLANG_WARN_UNGUARDED_AVAILABILITY = YES_AGGRESSIVE;
				CLANG_WARN_UNREACHABLE_CODE = YES;
				CLANG_WARN__DUPLICATE_METHOD_MATCH = YES;
				COPY_PHASE_STRIP = NO;
				DEBUG_INFORMATION_FORMAT = "dwarf-with-dsym";
				ENABLE_NS_ASSERTIONS = NO;
				ENABLE_STRICT_OBJC_MSGSEND = YES;
				GCC_C_LANGUAGE_STANDARD = gnu11;
				GCC_NO_COMMON_BLOCKS = YES;
				GCC_WARN_64_TO_32_BIT_CONVERSION = YES;
				GCC_WARN_ABOUT_RETURN_TYPE = YES_ERROR;
				GCC_WARN_UNDECLARED_SELECTOR = YES;
				GCC_WARN_UNINITIALIZED_AUTOS = YES_AGGRESSIVE;
				GCC_WARN_UNUSED_FUNCTION = YES;
				GCC_WARN_UNUSED_VARIABLE = YES;
				IPHONEOS_DEPLOYMENT_TARGET = 13.2;
				MTL_ENABLE_DEBUG_INFO = NO;
				MTL_FAST_MATH = YES;
				SDKROOT = iphoneos;
				SWIFT_COMPILATION_MODE = wholemodule;
				SWIFT_OPTIMIZATION_LEVEL = "-O";
				VALIDATE_PRODUCT = YES;
			};
			name = Release;
		};
		F570180A2409138B0033A450 /* Debug */ = {
			isa = XCBuildConfiguration;
			buildSettings = {
				ASSETCATALOG_COMPILER_APPICON_NAME = AppIcon;
				CODE_SIGN_STYLE = Automatic;
				INFOPLIST_FILE = toDoListSwift/Info.plist;
				LD_RUNPATH_SEARCH_PATHS = (
					"$(inherited)",
					"@executable_path/Frameworks",
				);
				PRODUCT_BUNDLE_IDENTIFIER = com.ramkumar.toDoListSwift;
				PRODUCT_NAME = "$(TARGET_NAME)";
				SWIFT_VERSION = 5.0;
				TARGETED_DEVICE_FAMILY = "1,2";
			};
			name = Debug;
		};
		F570180B2409138B0033A450 /* Release */ = {
			isa = XCBuildConfiguration;
			buildSettings = {
				ASSETCATALOG_COMPILER_APPICON_NAME = AppIcon;
				CODE_SIGN_STYLE = Automatic;
				INFOPLIST_FILE = toDoListSwift/Info.plist;
				LD_RUNPATH_SEARCH_PATHS = (
					"$(inherited)",
					"@executable_path/Frameworks",
				);
				PRODUCT_BUNDLE_IDENTIFIER = com.ramkumar.toDoListSwift;
				PRODUCT_NAME = "$(TARGET_NAME)";
				SWIFT_VERSION = 5.0;
				TARGETED_DEVICE_FAMILY = "1,2";
			};
			name = Release;
		};
/* End XCBuildConfiguration section */

/* Begin XCConfigurationList section */
		F57017F0240913890033A450 /* Build configuration list for PBXProject "toDoListSwift" */ = {
			isa = XCConfigurationList;
			buildConfigurations = (
				F57018072409138B0033A450 /* Debug */,
				F57018082409138B0033A450 /* Release */,
			);
			defaultConfigurationIsVisible = 0;
			defaultConfigurationName = Release;
		};
		F57018092409138B0033A450 /* Build configuration list for PBXNativeTarget "toDoListSwift" */ = {
			isa = XCConfigurationList;
			buildConfigurations = (
				F570180A2409138B0033A450 /* Debug */,
				F570180B2409138B0033A450 /* Release */,
			);
			defaultConfigurationIsVisible = 0;
			defaultConfigurationName = Release;
		};
/* End XCConfigurationList section */
	};
	rootObject = F57017ED240913890033A450 /* Project object */;
}
